
Microsoft Visual Studio Solution File, Format Version 12.00
# Visual Studio 15
VisualStudioVersion = 15.0.27703.2018
MinimumVisualStudioVersion = 10.0.40219.1
Project("{9A19103F-16F7-4668-BE54-9A1E7A4F7556}") = "SIMDExtensions", "SIMDExtensions\SIMDExtensions.csproj", "{8B11B51A-0F0F-4B78-B8DC-CDB22C753D77}"
EndProject
Project("{FAE04EC0-301F-11D3-BF4B-00C04F79EFBC}") = "SIMDExtensions.Tests", "SIMDExtensions.Tests\SIMDExtensions.Tests.csproj", "{381C60CB-E206-498B-BE9A-DB1BCC0C5C7D}"
EndProject
Project("{FAE04EC0-301F-11D3-BF4B-00C04F79EFBC}") = "SIMDExtensions.Benchmark", "SIMDExtensions.Benchmark\SIMDExtensions.Benchmark.csproj", "{035BFF90-CA47-4C15-8430-028327E8031D}"
EndProject
Global
	GlobalSection(SolutionConfigurationPlatforms) = preSolution
		Debug|Any CPU = Debug|Any CPU
		Release|Any CPU = Release|Any CPU
	EndGlobalSection
	GlobalSection(ProjectConfigurationPlatforms) = postSolution
		{8B11B51A-0F0F-4B78-B8DC-CDB22C753D77}.Debug|Any CPU.ActiveCfg = Debug|Any CPU
		{8B11B51A-0F0F-4B78-B8DC-CDB22C753D77}.Debug|Any CPU.Build.0 = Debug|Any CPU
		{8B11B51A-0F0F-4B78-B8DC-CDB22C753D77}.Release|Any CPU.ActiveCfg = Release|Any CPU
		{8B11B51A-0F0F-4B78-B8DC-CDB22C753D77}.Release|Any CPU.Build.0 = Release|Any CPU
		{381C60CB-E206-498B-BE9A-DB1BCC0C5C7D}.Debug|Any CPU.ActiveCfg = Debug|Any CPU
		{381C60CB-E206-498B-BE9A-DB1BCC0C5C7D}.Debug|Any CPU.Build.0 = Debug|Any CPU
		{381C60CB-E206-498B-BE9A-DB1BCC0C5C7D}.Release|Any CPU.ActiveCfg = Release|Any CPU
		{381C60CB-E206-498B-BE9A-DB1BCC0C5C7D}.Release|Any CPU.Build.0 = Release|Any CPU
		{035BFF90-CA47-4C15-8430-028327E8031D}.Debug|Any CPU.ActiveCfg = Debug|Any CPU
		{035BFF90-CA47-4C15-8430-028327E8031D}.Debug|Any CPU.Build.0 = Debug|Any CPU
		{035BFF90-CA47-4C15-8430-028327E8031D}.Release|Any CPU.ActiveCfg = Release|Any CPU
		{035BFF90-CA47-4C15-8430-028327E8031D}.Release|Any CPU.Build.0 = Release|Any CPU
	EndGlobalSection
	GlobalSection(SolutionProperties) = preSolution
		HideSolutionNode = FALSE
	EndGlobalSection
	GlobalSection(ExtensibilityGlobals) = postSolution
		SolutionGuid = {A7D4A91A-074D-4942-8CDA-DC1AA24F0D2C}
	EndGlobalSection
EndGlobal
